
Microsoft Visual Studio Solution File, Format Version 12.00
# Visual Studio Version 17
VisualStudioVersion = 17.11.35327.3
MinimumVisualStudioVersion = 10.0.40219.1
Project("{FAE04EC0-301F-11D3-BF4B-00C04F79EFBC}") = "StayHub-BackEnd", "StayHub-BackEnd\StayHub-BackEnd.csproj", "{A4668B69-8DFA-45D0-8398-7E22A0F901E0}"
EndProject
Global
	GlobalSection(SolutionConfigurationPlatforms) = preSolution
		Debug|Any CPU = Debug|Any CPU
		Release|Any CPU = Release|Any CPU
	EndGlobalSection
	GlobalSection(ProjectConfigurationPlatforms) = postSolution
		{A4668B69-8DFA-45D0-8398-7E22A0F901E0}.Debug|Any CPU.ActiveCfg = Debug|Any CPU
		{A4668B69-8DFA-45D0-8398-7E22A0F901E0}.Debug|Any CPU.Build.0 = Debug|Any CPU
		{A4668B69-8DFA-45D0-8398-7E22A0F901E0}.Release|Any CPU.ActiveCfg = Release|Any CPU
		{A4668B69-8DFA-45D0-8398-7E22A0F901E0}.Release|Any CPU.Build.0 = Release|Any CPU
	EndGlobalSection
	GlobalSection(SolutionProperties) = preSolution
		HideSolutionNode = FALSE
	EndGlobalSection
	GlobalSection(ExtensibilityGlobals) = postSolution
		SolutionGuid = {05229027-D4B5-4DD8-8E89-F189632959BD}
	EndGlobalSection
EndGlobal
